{
  "version": "5",
  "specifiers": {
    "npm:three@0.182": "0.182.0"
  },
  "npm": {
    "three@0.182.0": {
      "integrity": "sha512-GbHabT+Irv+ihI1/f5kIIsZ+Ef9Sl5A1Y7imvS5RQjWgtTPfPnZ43JmlYI7NtCRDK9zir20lQpfg8/9Yd02OvQ=="
    }
  },
  "workspace": {
    "dependencies": [
      "npm:three@0.182"
    ]
  }
}
